// !$*UTF8*$!
{
	archiveVersion = 1;
	classes = {
	};
	objectVersion = 50;
	objects = {

/* Begin PBXBuildFile section */
		FC83B87D2546CCB300611961 /* AppDelegate.swift in Sources */ = {isa = PBXBuildFile; fileRef = FC83B87C2546CCB300611961 /* AppDelegate.swift */; };
		FC83B87F2546CCB300611961 /* SceneDelegate.swift in Sources */ = {isa = PBXBuildFile; fileRef = FC83B87E2546CCB300611961 /* SceneDelegate.swift */; };
		FC83B8812546CCB400611961 /* ViewController.swift in Sources */ = {isa = PBXBuildFile; fileRef = FC83B8802546CCB400611961 /* ViewController.swift */; };
		FC83B8862546CCB700611961 /* Assets.xcassets in Resources */ = {isa = PBXBuildFile; fileRef = FC83B8852546CCB700611961 /* Assets.xcassets */; };
		FC83B8892546CCB700611961 /* LaunchScreen.storyboard in Resources */ = {isa = PBXBuildFile; fileRef = FC83B8872546CCB700611961 /* LaunchScreen.storyboard */; };
		FC83B8912546CCDA00611961 /* Main.storyboard in Resources */ = {isa = PBXBuildFile; fileRef = FC83B8902546CCDA00611961 /* Main.storyboard */; };
		FC83B8952546CD1700611961 /* PickerViewController.swift in Sources */ = {isa = PBXBuildFile; fileRef = FC83B8922546CD1700611961 /* PickerViewController.swift */; };
		FC83B8962546CD1700611961 /* PlayerViewController.swift in Sources */ = {isa = PBXBuildFile; fileRef = FC83B8932546CD1700611961 /* PlayerViewController.swift */; };
		FC83B8972546CD1700611961 /* VideoEditor.swift in Sources */ = {isa = PBXBuildFile; fileRef = FC83B8942546CD1700611961 /* VideoEditor.swift */; };
/* End PBXBuildFile section */

/* Begin PBXFileReference section */
		FC83B8792546CCB300611961 /* DemoAddAnimationToVideo.app */ = {isa = PBXFileReference; explicitFileType = wrapper.application; includeInIndex = 0; path = DemoAddAnimationToVideo.app; sourceTree = BUILT_PRODUCTS_DIR; };
		FC83B87C2546CCB300611961 /* AppDelegate.swift */ = {isa = PBXFileReference; lastKnownFileType = sourcecode.swift; path = AppDelegate.swift; sourceTree = "<group>"; };
		FC83B87E2546CCB300611961 /* SceneDelegate.swift */ = {isa = PBXFileReference; lastKnownFileType = sourcecode.swift; path = SceneDelegate.swift; sourceTree = "<group>"; };
		FC83B8802546CCB400611961 /* ViewController.swift */ = {isa = PBXFileReference; lastKnownFileType = sourcecode.swift; path = ViewController.swift; sourceTree = "<group>"; };
		FC83B8852546CCB700611961 /* Assets.xcassets */ = {isa = PBXFileReference; lastKnownFileType = folder.assetcatalog; path = Assets.xcassets; sourceTree = "<group>"; };
		FC83B8882546CCB700611961 /* Base */ = {isa = PBXFileReference; lastKnownFileType = file.storyboard; name = Base; path = Base.lproj/LaunchScreen.storyboard; sourceTree = "<group>"; };
		FC83B88A2546CCB700611961 /* Info.plist */ = {isa = PBXFileReference; lastKnownFileType = text.plist.xml; path = Info.plist; sourceTree = "<group>"; };
		FC83B8902546CCDA00611961 /* Main.storyboard */ = {isa = PBXFileReference; fileEncoding = 4; lastKnownFileType = file.storyboard; path = Main.storyboard; sourceTree = "<group>"; };
		FC83B8922546CD1700611961 /* PickerViewController.swift */ = {isa = PBXFileReference; fileEncoding = 4; lastKnownFileType = sourcecode.swift; path = PickerViewController.swift; sourceTree = "<group>"; };
		FC83B8932546CD1700611961 /* PlayerViewController.swift */ = {isa = PBXFileReference; fileEncoding = 4; lastKnownFileType = sourcecode.swift; path = PlayerViewController.swift; sourceTree = "<group>"; };
		FC83B8942546CD1700611961 /* VideoEditor.swift */ = {isa = PBXFileReference; fileEncoding = 4; lastKnownFileType = sourcecode.swift; path = VideoEditor.swift; sourceTree = "<group>"; };
/* End PBXFileReference section */

/* Begin PBXFrameworksBuildPhase section */
		FC83B8762546CCB300611961 /* Frameworks */ = {
			isa = PBXFrameworksBuildPhase;
			buildActionMask = 2147483647;
			files = (
			);
			runOnlyForDeploymentPostprocessing = 0;
		};
/* End PBXFrameworksBuildPhase section */

/* Begin PBXGroup section */
		FC83B8702546CCB300611961 = {
			isa = PBXGroup;
			children = (
				FC83B87B2546CCB300611961 /* DemoAddAnimationToVideo */,
				FC83B87A2546CCB300611961 /* Products */,
			);
			sourceTree = "<group>";
		};
		FC83B87A2546CCB300611961 /* Products */ = {
			isa = PBXGroup;
			children = (
				FC83B8792546CCB300611961 /* DemoAddAnimationToVideo.app */,
			);
			name = Products;
			sourceTree = "<group>";
		};
		FC83B87B2546CCB300611961 /* DemoAddAnimationToVideo */ = {
			isa = PBXGroup;
			children = (
				FC83B87C2546CCB300611961 /* AppDelegate.swift */,
				FC83B87E2546CCB300611961 /* SceneDelegate.swift */,
				FC83B8802546CCB400611961 /* ViewController.swift */,
				FC83B8922546CD1700611961 /* PickerViewController.swift */,
				FC83B8902546CCDA00611961 /* Main.storyboard */,
				FC83B8932546CD1700611961 /* PlayerViewController.swift */,
				FC83B8942546CD1700611961 /* VideoEditor.swift */,
				FC83B8852546CCB700611961 /* Assets.xcassets */,
				FC83B8872546CCB700611961 /* LaunchScreen.storyboard */,
				FC83B88A2546CCB700611961 /* Info.plist */,
			);
			path = DemoAddAnimationToVideo;
			sourceTree = "<group>";
		};
/* End PBXGroup section */

/* Begin PBXNativeTarget section */
		FC83B8782546CCB300611961 /* DemoAddAnimationToVideo */ = {
			isa = PBXNativeTarget;
			buildConfigurationList = FC83B88D2546CCB700611961 /* Build configuration list for PBXNativeTarget "DemoAddAnimationToVideo" */;
			buildPhases = (
				FC83B8752546CCB300611961 /* Sources */,
				FC83B8762546CCB300611961 /* Frameworks */,
				FC83B8772546CCB300611961 /* Resources */,
			);
			buildRules = (
			);
			dependencies = (
			);
			name = DemoAddAnimationToVideo;
			productName = DemoAddAnimationToVideo;
			productReference = FC83B8792546CCB300611961 /* DemoAddAnimationToVideo.app */;
			productType = "com.apple.product-type.application";
		};
/* End PBXNativeTarget section */

/* Begin PBXProject section */
		FC83B8712546CCB300611961 /* Project object */ = {
			isa = PBXProject;
			attributes = {
				LastSwiftUpdateCheck = 1150;
				LastUpgradeCheck = 1150;
				ORGANIZATIONNAME = huy;
				TargetAttributes = {
					FC83B8782546CCB300611961 = {
						CreatedOnToolsVersion = 11.5;
					};
				};
			};
			buildConfigurationList = FC83B8742546CCB300611961 /* Build configuration list for PBXProject "DemoAddAnimationToVideo" */;
			compatibilityVersion = "Xcode 9.3";
			developmentRegion = en;
			hasScannedForEncodings = 0;
			knownRegions = (
				en,
				Base,
			);
			mainGroup = FC83B8702546CCB300611961;
			productRefGroup = FC83B87A2546CCB300611961 /* Products */;
			projectDirPath = "";
			projectRoot = "";
			targets = (
				FC83B8782546CCB300611961 /* DemoAddAnimationToVideo */,
			);
		};
/* End PBXProject section */

/* Begin PBXResourcesBuildPhase section */
		FC83B8772546CCB300611961 /* Resources */ = {
			isa = PBXResourcesBuildPhase;
			buildActionMask = 2147483647;
			files = (
				FC83B8912546CCDA00611961 /* Main.storyboard in Resources */,
				FC83B8892546CCB700611961 /* LaunchScreen.storyboard in Resources */,
				FC83B8862546CCB700611961 /* Assets.xcassets in Resources */,
			);
			runOnlyForDeploymentPostprocessing = 0;
		};
/* End PBXResourcesBuildPhase section */

/* Begin PBXSourcesBuildPhase section */
		FC83B8752546CCB300611961 /* Sources */ = {
			isa = PBXSourcesBuildPhase;
			buildActionMask = 2147483647;
			files = (
				FC83B8812546CCB400611961 /* ViewController.swift in Sources */,
				FC83B87D2546CCB300611961 /* AppDelegate.swift in Sources */,
				FC83B8952546CD1700611961 /* PickerViewController.swift in Sources */,
				FC83B87F2546CCB300611961 /* SceneDelegate.swift in Sources */,
				FC83B8972546CD1700611961 /* VideoEditor.swift in Sources */,
				FC83B8962546CD1700611961 /* PlayerViewController.swift in Sources */,
			);
			runOnlyForDeploymentPostprocessing = 0;
		};
/* End PBXSourcesBuildPhase section */

/* Begin PBXVariantGroup section */
		FC83B8872546CCB700611961 /* LaunchScreen.storyboard */ = {
			isa = PBXVariantGroup;
			children = (
				FC83B8882546CCB700611961 /* Base */,
			);
			name = LaunchScreen.storyboard;
			sourceTree = "<group>";
		};
/* End PBXVariantGroup section */

/* Begin XCBuildConfiguration section */
		FC83B88B2546CCB700611961 /* Debug */ = {
			isa = XCBuildConfiguration;
			buildSettings = {
				ALWAYS_SEARCH_USER_PATHS = NO;
				CLANG_ANALYZER_NONNULL = YES;
				CLANG_ANALYZER_NUMBER_OBJECT_CONVERSION = YES_AGGRESSIVE;
				CLANG_CXX_LANGUAGE_STANDARD = "gnu++14";
				CLANG_CXX_LIBRARY = "libc++";
				CLANG_ENABLE_MODULES = YES;
				CLANG_ENABLE_OBJC_ARC = YES;
				CLANG_ENABLE_OBJC_WEAK = YES;
				CLANG_WARN_BLOCK_CAPTURE_AUTORELEASING = YES;
				CLANG_WARN_BOOL_CONVERSION = YES;
				CLANG_WARN_COMMA = YES;
				CLANG_WARN_CONSTANT_CONVERSION = YES;
				CLANG_WARN_DEPRECATED_OBJC_IMPLEMENTATIONS = YES;
				CLANG_WARN_DIRECT_OBJC_ISA_USAGE = YES_ERROR;
				CLANG_WARN_DOCUMENTATION_COMMENTS = YES;
				CLANG_WARN_EMPTY_BODY = YES;
				CLANG_WARN_ENUM_CONVERSION = YES;
				CLANG_WARN_INFINITE_RECURSION = YES;
				CLANG_WARN_INT_CONVERSION = YES;
				CLANG_WARN_NON_LITERAL_NULL_CONVERSION = YES;
				CLANG_WARN_OBJC_IMPLICIT_RETAIN_SELF = YES;
				CLANG_WARN_OBJC_LITERAL_CONVERSION = YES;
				CLANG_WARN_OBJC_ROOT_CLASS = YES_ERROR;
				CLANG_WARN_RANGE_LOOP_ANALYSIS = YES;
				CLANG_WARN_STRICT_PROTOTYPES = YES;
				CLANG_WARN_SUSPICIOUS_MOVE = YES;
				CLANG_WARN_UNGUARDED_AVAILABILITY = YES_AGGRESSIVE;
				CLANG_WARN_UNREACHABLE_CODE = YES;
				CLANG_WARN__DUPLICATE_METHOD_MATCH = YES;
				COPY_PHASE_STRIP = NO;
				DEBUG_INFORMATION_FORMAT = dwarf;
				ENABLE_STRICT_OBJC_MSGSEND = YES;
				ENABLE_TESTABILITY = YES;
				GCC_C_LANGUAGE_STANDARD = gnu11;
				GCC_DYNAMIC_NO_PIC = NO;
				GCC_NO_COMMON_BLOCKS = YES;
				GCC_OPTIMIZATION_LEVEL = 0;
				GCC_PREPROCESSOR_DEFINITIONS = (
					"DEBUG=1",
					"$(inherited)",
				);
				GCC_WARN_64_TO_32_BIT_CONVERSION = YES;
				GCC_WARN_ABOUT_RETURN_TYPE = YES_ERROR;
				GCC_WARN_UNDECLARED_SELECTOR = YES;
				GCC_WARN_UNINITIALIZED_AUTOS = YES_AGGRESSIVE;
				GCC_WARN_UNUSED_FUNCTION = YES;
				GCC_WARN_UNUSED_VARIABLE = YES;
				IPHONEOS_DEPLOYMENT_TARGET = 13.5;
				MTL_ENABLE_DEBUG_INFO = INCLUDE_SOURCE;
				MTL_FAST_MATH = YES;
				ONLY_ACTIVE_ARCH = YES;
				SDKROOT = iphoneos;
				SWIFT_ACTIVE_COMPILATION_CONDITIONS = DEBUG;
				SWIFT_OPTIMIZATION_LEVEL = "-Onone";
			};
			name = Debug;
		};
		FC83B88C2546CCB700611961 /* Release */ = {
			isa = XCBuildConfiguration;
			buildSettings = {
				ALWAYS_SEARCH_USER_PATHS = NO;
				CLANG_ANALYZER_NONNULL = YES;
				CLANG_ANALYZER_NUMBER_OBJECT_CONVERSION = YES_AGGRESSIVE;
				CLANG_CXX_LANGUAGE_STANDARD = "gnu++14";
				CLANG_CXX_LIBRARY = "libc++";
				CLANG_ENABLE_MODULES = YES;
				CLANG_ENABLE_OBJC_ARC = YES;
				CLANG_ENABLE_OBJC_WEAK = YES;
				CLANG_WARN_BLOCK_CAPTURE_AUTORELEASING = YES;
				CLANG_WARN_BOOL_CONVERSION = YES;
				CLANG_WARN_COMMA = YES;
				CLANG_WARN_CONSTANT_CONVERSION = YES;
				CLANG_WARN_DEPRECATED_OBJC_IMPLEMENTATIONS = YES;
				CLANG_WARN_DIRECT_OBJC_ISA_USAGE = YES_ERROR;
				CLANG_WARN_DOCUMENTATION_COMMENTS = YES;
				CLANG_WARN_EMPTY_BODY = YES;
				CLANG_WARN_ENUM_CONVERSION = YES;
				CLANG_WARN_INFINITE_RECURSION = YES;
				CLANG_WARN_INT_CONVERSION = YES;
				CLANG_WARN_NON_LITERAL_NULL_CONVERSION = YES;
				CLANG_WARN_OBJC_IMPLICIT_RETAIN_SELF = YES;
				CLANG_WARN_OBJC_LITERAL_CONVERSION = YES;
				CLANG_WARN_OBJC_ROOT_CLASS = YES_ERROR;
				CLANG_WARN_RANGE_LOOP_ANALYSIS = YES;
				CLANG_WARN_STRICT_PROTOTYPES = YES;
				CLANG_WARN_SUSPICIOUS_MOVE = YES;
				CLANG_WARN_UNGUARDED_AVAILABILITY = YES_AGGRESSIVE;
				CLANG_WARN_UNREACHABLE_CODE = YES;
				CLANG_WARN__DUPLICATE_METHOD_MATCH = YES;
				COPY_PHASE_STRIP = NO;
				DEBUG_INFORMATION_FORMAT = "dwarf-with-dsym";
				ENABLE_NS_ASSERTIONS = NO;
				ENABLE_STRICT_OBJC_MSGSEND = YES;
				GCC_C_LANGUAGE_STANDARD = gnu11;
				GCC_NO_COMMON_BLOCKS = YES;
				GCC_WARN_64_TO_32_BIT_CONVERSION = YES;
				GCC_WARN_ABOUT_RETURN_TYPE = YES_ERROR;
				GCC_WARN_UNDECLARED_SELECTOR = YES;
				GCC_WARN_UNINITIALIZED_AUTOS = YES_AGGRESSIVE;
				GCC_WARN_UNUSED_FUNCTION = YES;
				GCC_WARN_UNUSED_VARIABLE = YES;
				IPHONEOS_DEPLOYMENT_TARGET = 13.5;
				MTL_ENABLE_DEBUG_INFO = NO;
				MTL_FAST_MATH = YES;
				SDKROOT = iphoneos;
				SWIFT_COMPILATION_MODE = wholemodule;
				SWIFT_OPTIMIZATION_LEVEL = "-O";
				VALIDATE_PRODUCT = YES;
			};
			name = Release;
		};
		FC83B88E2546CCB700611961 /* Debug */ = {
			isa = XCBuildConfiguration;
			buildSettings = {
				ASSETCATALOG_COMPILER_APPICON_NAME = AppIcon;
				CODE_SIGN_STYLE = Automatic;
				DEVELOPMENT_TEAM = RN7Y92Z642;
				INFOPLIST_FILE = DemoAddAnimationToVideo/Info.plist;
				LD_RUNPATH_SEARCH_PATHS = (
					"$(inherited)",
					"@executable_path/Frameworks",
				);
				PRODUCT_BUNDLE_IDENTIFIER = huy.DemoAddAnimationToVideo;
				PRODUCT_NAME = "$(TARGET_NAME)";
				SWIFT_VERSION = 5.0;
				TARGETED_DEVICE_FAMILY = "1,2";
			};
			name = Debug;
		};
		FC83B88F2546CCB700611961 /* Release */ = {
			isa = XCBuildConfiguration;
			buildSettings = {
				ASSETCATALOG_COMPILER_APPICON_NAME = AppIcon;
				CODE_SIGN_STYLE = Automatic;
				DEVELOPMENT_TEAM = RN7Y92Z642;
				INFOPLIST_FILE = DemoAddAnimationToVideo/Info.plist;
				LD_RUNPATH_SEARCH_PATHS = (
					"$(inherited)",
					"@executable_path/Frameworks",
				);
				PRODUCT_BUNDLE_IDENTIFIER = huy.DemoAddAnimationToVideo;
				PRODUCT_NAME = "$(TARGET_NAME)";
				SWIFT_VERSION = 5.0;
				TARGETED_DEVICE_FAMILY = "1,2";
			};
			name = Release;
		};
/* End XCBuildConfiguration section */

/* Begin XCConfigurationList section */
		FC83B8742546CCB300611961 /* Build configuration list for PBXProject "DemoAddAnimationToVideo" */ = {
			isa = XCConfigurationList;
			buildConfigurations = (
				FC83B88B2546CCB700611961 /* Debug */,
				FC83B88C2546CCB700611961 /* Release */,
			);
			defaultConfigurationIsVisible = 0;
			defaultConfigurationName = Release;
		};
		FC83B88D2546CCB700611961 /* Build configuration list for PBXNativeTarget "DemoAddAnimationToVideo" */ = {
			isa = XCConfigurationList;
			buildConfigurations = (
				FC83B88E2546CCB700611961 /* Debug */,
				FC83B88F2546CCB700611961 /* Release */,
			);
			defaultConfigurationIsVisible = 0;
			defaultConfigurationName = Release;
		};
/* End XCConfigurationList section */
	};
	rootObject = FC83B8712546CCB300611961 /* Project object */;
}
